
Microsoft Visual Studio Solution File, Format Version 12.00
# Visual Studio 15
VisualStudioVersion = 15.0.27130.2010
MinimumVisualStudioVersion = 10.0.40219.1
Project("{FAE04EC0-301F-11D3-BF4B-00C04F79EFBC}") = "PTUD-EX1-LAB1", "PTUD-EX1-LAB1\PTUD-EX1-LAB1.csproj", "{6B8CB9CD-FE06-4FEF-BD4F-31E155947FFC}"
EndProject
Global
	GlobalSection(SolutionConfigurationPlatforms) = preSolution
		Debug|Any CPU = Debug|Any CPU
		Release|Any CPU = Release|Any CPU
	EndGlobalSection
	GlobalSection(ProjectConfigurationPlatforms) = postSolution
		{6B8CB9CD-FE06-4FEF-BD4F-31E155947FFC}.Debug|Any CPU.ActiveCfg = Debug|Any CPU
		{6B8CB9CD-FE06-4FEF-BD4F-31E155947FFC}.Debug|Any CPU.Build.0 = Debug|Any CPU
		{6B8CB9CD-FE06-4FEF-BD4F-31E155947FFC}.Release|Any CPU.ActiveCfg = Release|Any CPU
		{6B8CB9CD-FE06-4FEF-BD4F-31E155947FFC}.Release|Any CPU.Build.0 = Release|Any CPU
	EndGlobalSection
	GlobalSection(SolutionProperties) = preSolution
		HideSolutionNode = FALSE
	EndGlobalSection
	GlobalSection(ExtensibilityGlobals) = postSolution
		SolutionGuid = {BC9241BC-74EB-4925-9767-F34861BA4DB0}
	EndGlobalSection
EndGlobal
